{
  "name": "DAY-PLANNER-GUI",
  "lockfileVersion": 3,
  "requires": true,
  "packages": {
    "": {
      "dependencies": {
        "@schedule-x/events-service": "^2.13.0",
        "@schedule-x/react": "^2.13.0",
        "@schedule-x/theme-default": "^2.13.0"
      }
    },
    "node_modules/@schedule-x/events-service": {
      "version": "2.13.0",
      "resolved": "https://registry.npmjs.org/@schedule-x/events-service/-/events-service-2.13.0.tgz",
      "integrity": "sha512-8dJ1paCmB8PBUMRczErZWvD2uoxOrE7FEBlOSavnYm4Dr8U6FIxA0G/M7NYBrLTTgl6TX5g3XQlq6ArmER+7+g==",
      "license": "MIT"
    },
    "node_modules/@schedule-x/react": {
      "version": "2.13.0",
      "resolved": "https://registry.npmjs.org/@schedule-x/react/-/react-2.13.0.tgz",
      "integrity": "sha512-OENk38nVDZfupiwqZpSNvb/6bxmwX7ZQGjR8EfxUFpr01fu2meXoVMocPwsRp7ltrR6w5dk7jlXiD7t4J5KXog==",
      "license": "MIT",
      "peerDependencies": {
        "@schedule-x/calendar": "^2.3.0",
        "react": "^16.7.0 || ^17 || ^18 || ^19",
        "react-dom": "^16.7.0 || ^17 || ^18 || ^19"
      }
    },
    "node_modules/@schedule-x/theme-default": {
      "version": "2.13.0",
      "resolved": "https://registry.npmjs.org/@schedule-x/theme-default/-/theme-default-2.13.0.tgz",
      "integrity": "sha512-pVkDT7h9hkOb0nw4/KQ/WmCRX9DPeVaiJAbIWfcQwi4/iTo1CRiJbO5lXMtg+st4wjFLTn8gHcIPdoI7IpschQ==",
      "license": "MIT"
    }
  }
}
